// !$*UTF8*$!
{
	archiveVersion = 1;
	classes = {
	};
	objectVersion = 56;
	objects = {

/* Begin PBXBuildFile section */
		BFF4BFD029672425004B8F9E /* AppDelegate.swift in Sources */ = {isa = PBXBuildFile; fileRef = BFF4BFCF29672425004B8F9E /* AppDelegate.swift */; };
		BFF4BFD229672425004B8F9E /* SceneDelegate.swift in Sources */ = {isa = PBXBuildFile; fileRef = BFF4BFD129672425004B8F9E /* SceneDelegate.swift */; };
		BFF4BFD429672425004B8F9E /* ViewController.swift in Sources */ = {isa = PBXBuildFile; fileRef = BFF4BFD329672425004B8F9E /* ViewController.swift */; };
		BFF4BFD729672425004B8F9E /* Main.storyboard in Resources */ = {isa = PBXBuildFile; fileRef = BFF4BFD529672425004B8F9E /* Main.storyboard */; };
		BFF4BFD929672426004B8F9E /* Assets.xcassets in Resources */ = {isa = PBXBuildFile; fileRef = BFF4BFD829672426004B8F9E /* Assets.xcassets */; };
		BFF4BFDC29672426004B8F9E /* LaunchScreen.storyboard in Resources */ = {isa = PBXBuildFile; fileRef = BFF4BFDA29672426004B8F9E /* LaunchScreen.storyboard */; };
		BFF4BFE7296A8E99004B8F9E /* Member.swift in Sources */ = {isa = PBXBuildFile; fileRef = BFF4BFE6296A8E99004B8F9E /* Member.swift */; };
		BFF4BFE9296A8F0F004B8F9E /* MyTableViewCell.swift in Sources */ = {isa = PBXBuildFile; fileRef = BFF4BFE8296A8F0F004B8F9E /* MyTableViewCell.swift */; };
		BFF4BFEB296A90F1004B8F9E /* MemberListManager.swift in Sources */ = {isa = PBXBuildFile; fileRef = BFF4BFEA296A90F1004B8F9E /* MemberListManager.swift */; };
		BFF4BFED296A99FD004B8F9E /* DetailViewController.swift in Sources */ = {isa = PBXBuildFile; fileRef = BFF4BFEC296A99FD004B8F9E /* DetailViewController.swift */; };
		BFF4BFEF296A9A13004B8F9E /* DetailView.swift in Sources */ = {isa = PBXBuildFile; fileRef = BFF4BFEE296A9A13004B8F9E /* DetailView.swift */; };
/* End PBXBuildFile section */

/* Begin PBXFileReference section */
		BFF4BFCC29672425004B8F9E /* TableViewStudy.app */ = {isa = PBXFileReference; explicitFileType = wrapper.application; includeInIndex = 0; path = TableViewStudy.app; sourceTree = BUILT_PRODUCTS_DIR; };
		BFF4BFCF29672425004B8F9E /* AppDelegate.swift */ = {isa = PBXFileReference; lastKnownFileType = sourcecode.swift; path = AppDelegate.swift; sourceTree = "<group>"; };
		BFF4BFD129672425004B8F9E /* SceneDelegate.swift */ = {isa = PBXFileReference; lastKnownFileType = sourcecode.swift; path = SceneDelegate.swift; sourceTree = "<group>"; };
		BFF4BFD329672425004B8F9E /* ViewController.swift */ = {isa = PBXFileReference; lastKnownFileType = sourcecode.swift; path = ViewController.swift; sourceTree = "<group>"; };
		BFF4BFD629672425004B8F9E /* Base */ = {isa = PBXFileReference; lastKnownFileType = file.storyboard; name = Base; path = Base.lproj/Main.storyboard; sourceTree = "<group>"; };
		BFF4BFD829672426004B8F9E /* Assets.xcassets */ = {isa = PBXFileReference; lastKnownFileType = folder.assetcatalog; path = Assets.xcassets; sourceTree = "<group>"; };
		BFF4BFDB29672426004B8F9E /* Base */ = {isa = PBXFileReference; lastKnownFileType = file.storyboard; name = Base; path = Base.lproj/LaunchScreen.storyboard; sourceTree = "<group>"; };
		BFF4BFDD29672426004B8F9E /* Info.plist */ = {isa = PBXFileReference; lastKnownFileType = text.plist.xml; path = Info.plist; sourceTree = "<group>"; };
		BFF4BFE6296A8E99004B8F9E /* Member.swift */ = {isa = PBXFileReference; lastKnownFileType = sourcecode.swift; path = Member.swift; sourceTree = "<group>"; };
		BFF4BFE8296A8F0F004B8F9E /* MyTableViewCell.swift */ = {isa = PBXFileReference; lastKnownFileType = sourcecode.swift; path = MyTableViewCell.swift; sourceTree = "<group>"; };
		BFF4BFEA296A90F1004B8F9E /* MemberListManager.swift */ = {isa = PBXFileReference; lastKnownFileType = sourcecode.swift; path = MemberListManager.swift; sourceTree = "<group>"; };
		BFF4BFEC296A99FD004B8F9E /* DetailViewController.swift */ = {isa = PBXFileReference; lastKnownFileType = sourcecode.swift; path = DetailViewController.swift; sourceTree = "<group>"; };
		BFF4BFEE296A9A13004B8F9E /* DetailView.swift */ = {isa = PBXFileReference; lastKnownFileType = sourcecode.swift; path = DetailView.swift; sourceTree = "<group>"; };
/* End PBXFileReference section */

/* Begin PBXFrameworksBuildPhase section */
		BFF4BFC929672425004B8F9E /* Frameworks */ = {
			isa = PBXFrameworksBuildPhase;
			buildActionMask = 2147483647;
			files = (
			);
			runOnlyForDeploymentPostprocessing = 0;
		};
/* End PBXFrameworksBuildPhase section */

/* Begin PBXGroup section */
		BFF4BFC329672425004B8F9E = {
			isa = PBXGroup;
			children = (
				BFF4BFCE29672425004B8F9E /* TableViewStudy */,
				BFF4BFCD29672425004B8F9E /* Products */,
			);
			sourceTree = "<group>";
		};
		BFF4BFCD29672425004B8F9E /* Products */ = {
			isa = PBXGroup;
			children = (
				BFF4BFCC29672425004B8F9E /* TableViewStudy.app */,
			);
			name = Products;
			sourceTree = "<group>";
		};
		BFF4BFCE29672425004B8F9E /* TableViewStudy */ = {
			isa = PBXGroup;
			children = (
				BFF4BFCF29672425004B8F9E /* AppDelegate.swift */,
				BFF4BFD129672425004B8F9E /* SceneDelegate.swift */,
				BFF4BFE4296A8E69004B8F9E /* Controllers */,
				BFF4BFE5296A8E70004B8F9E /* Views */,
				BFF4BFE3296A8E5F004B8F9E /* Models */,
				BFF4BFD529672425004B8F9E /* Main.storyboard */,
				BFF4BFD829672426004B8F9E /* Assets.xcassets */,
				BFF4BFDA29672426004B8F9E /* LaunchScreen.storyboard */,
				BFF4BFDD29672426004B8F9E /* Info.plist */,
			);
			path = TableViewStudy;
			sourceTree = "<group>";
		};
		BFF4BFE3296A8E5F004B8F9E /* Models */ = {
			isa = PBXGroup;
			children = (
				BFF4BFE6296A8E99004B8F9E /* Member.swift */,
				BFF4BFEA296A90F1004B8F9E /* MemberListManager.swift */,
			);
			path = Models;
			sourceTree = "<group>";
		};
		BFF4BFE4296A8E69004B8F9E /* Controllers */ = {
			isa = PBXGroup;
			children = (
				BFF4BFD329672425004B8F9E /* ViewController.swift */,
				BFF4BFEC296A99FD004B8F9E /* DetailViewController.swift */,
			);
			path = Controllers;
			sourceTree = "<group>";
		};
		BFF4BFE5296A8E70004B8F9E /* Views */ = {
			isa = PBXGroup;
			children = (
				BFF4BFE8296A8F0F004B8F9E /* MyTableViewCell.swift */,
				BFF4BFEE296A9A13004B8F9E /* DetailView.swift */,
			);
			path = Views;
			sourceTree = "<group>";
		};
/* End PBXGroup section */

/* Begin PBXNativeTarget section */
		BFF4BFCB29672425004B8F9E /* TableViewStudy */ = {
			isa = PBXNativeTarget;
			buildConfigurationList = BFF4BFE029672426004B8F9E /* Build configuration list for PBXNativeTarget "TableViewStudy" */;
			buildPhases = (
				BFF4BFC829672425004B8F9E /* Sources */,
				BFF4BFC929672425004B8F9E /* Frameworks */,
				BFF4BFCA29672425004B8F9E /* Resources */,
			);
			buildRules = (
			);
			dependencies = (
			);
			name = TableViewStudy;
			productName = TableViewStudy;
			productReference = BFF4BFCC29672425004B8F9E /* TableViewStudy.app */;
			productType = "com.apple.product-type.application";
		};
/* End PBXNativeTarget section */

/* Begin PBXProject section */
		BFF4BFC429672425004B8F9E /* Project object */ = {
			isa = PBXProject;
			attributes = {
				BuildIndependentTargetsInParallel = 1;
				LastSwiftUpdateCheck = 1420;
				LastUpgradeCheck = 1420;
				TargetAttributes = {
					BFF4BFCB29672425004B8F9E = {
						CreatedOnToolsVersion = 14.2;
					};
				};
			};
			buildConfigurationList = BFF4BFC729672425004B8F9E /* Build configuration list for PBXProject "TableViewStudy" */;
			compatibilityVersion = "Xcode 14.0";
			developmentRegion = en;
			hasScannedForEncodings = 0;
			knownRegions = (
				en,
				Base,
			);
			mainGroup = BFF4BFC329672425004B8F9E;
			productRefGroup = BFF4BFCD29672425004B8F9E /* Products */;
			projectDirPath = "";
			projectRoot = "";
			targets = (
				BFF4BFCB29672425004B8F9E /* TableViewStudy */,
			);
		};
/* End PBXProject section */

/* Begin PBXResourcesBuildPhase section */
		BFF4BFCA29672425004B8F9E /* Resources */ = {
			isa = PBXResourcesBuildPhase;
			buildActionMask = 2147483647;
			files = (
				BFF4BFDC29672426004B8F9E /* LaunchScreen.storyboard in Resources */,
				BFF4BFD929672426004B8F9E /* Assets.xcassets in Resources */,
				BFF4BFD729672425004B8F9E /* Main.storyboard in Resources */,
			);
			runOnlyForDeploymentPostprocessing = 0;
		};
/* End PBXResourcesBuildPhase section */

/* Begin PBXSourcesBuildPhase section */
		BFF4BFC829672425004B8F9E /* Sources */ = {
			isa = PBXSourcesBuildPhase;
			buildActionMask = 2147483647;
			files = (
				BFF4BFD429672425004B8F9E /* ViewController.swift in Sources */,
				BFF4BFEF296A9A13004B8F9E /* DetailView.swift in Sources */,
				BFF4BFEB296A90F1004B8F9E /* MemberListManager.swift in Sources */,
				BFF4BFD029672425004B8F9E /* AppDelegate.swift in Sources */,
				BFF4BFD229672425004B8F9E /* SceneDelegate.swift in Sources */,
				BFF4BFE9296A8F0F004B8F9E /* MyTableViewCell.swift in Sources */,
				BFF4BFE7296A8E99004B8F9E /* Member.swift in Sources */,
				BFF4BFED296A99FD004B8F9E /* DetailViewController.swift in Sources */,
			);
			runOnlyForDeploymentPostprocessing = 0;
		};
/* End PBXSourcesBuildPhase section */

/* Begin PBXVariantGroup section */
		BFF4BFD529672425004B8F9E /* Main.storyboard */ = {
			isa = PBXVariantGroup;
			children = (
				BFF4BFD629672425004B8F9E /* Base */,
			);
			name = Main.storyboard;
			sourceTree = "<group>";
		};
		BFF4BFDA29672426004B8F9E /* LaunchScreen.storyboard */ = {
			isa = PBXVariantGroup;
			children = (
				BFF4BFDB29672426004B8F9E /* Base */,
			);
			name = LaunchScreen.storyboard;
			sourceTree = "<group>";
		};
/* End PBXVariantGroup section */

/* Begin XCBuildConfiguration section */
		BFF4BFDE29672426004B8F9E /* Debug */ = {
			isa = XCBuildConfiguration;
			buildSettings = {
				ALWAYS_SEARCH_USER_PATHS = NO;
				CLANG_ANALYZER_NONNULL = YES;
				CLANG_ANALYZER_NUMBER_OBJECT_CONVERSION = YES_AGGRESSIVE;
				CLANG_CXX_LANGUAGE_STANDARD = "gnu++20";
				CLANG_ENABLE_MODULES = YES;
				CLANG_ENABLE_OBJC_ARC = YES;
				CLANG_ENABLE_OBJC_WEAK = YES;
				CLANG_WARN_BLOCK_CAPTURE_AUTORELEASING = YES;
				CLANG_WARN_BOOL_CONVERSION = YES;
				CLANG_WARN_COMMA = YES;
				CLANG_WARN_CONSTANT_CONVERSION = YES;
				CLANG_WARN_DEPRECATED_OBJC_IMPLEMENTATIONS = YES;
				CLANG_WARN_DIRECT_OBJC_ISA_USAGE = YES_ERROR;
				CLANG_WARN_DOCUMENTATION_COMMENTS = YES;
				CLANG_WARN_EMPTY_BODY = YES;
				CLANG_WARN_ENUM_CONVERSION = YES;
				CLANG_WARN_INFINITE_RECURSION = YES;
				CLANG_WARN_INT_CONVERSION = YES;
				CLANG_WARN_NON_LITERAL_NULL_CONVERSION = YES;
				CLANG_WARN_OBJC_IMPLICIT_RETAIN_SELF = YES;
				CLANG_WARN_OBJC_LITERAL_CONVERSION = YES;
				CLANG_WARN_OBJC_ROOT_CLASS = YES_ERROR;
				CLANG_WARN_QUOTED_INCLUDE_IN_FRAMEWORK_HEADER = YES;
				CLANG_WARN_RANGE_LOOP_ANALYSIS = YES;
				CLANG_WARN_STRICT_PROTOTYPES = YES;
				CLANG_WARN_SUSPICIOUS_MOVE = YES;
				CLANG_WARN_UNGUARDED_AVAILABILITY = YES_AGGRESSIVE;
				CLANG_WARN_UNREACHABLE_CODE = YES;
				CLANG_WARN__DUPLICATE_METHOD_MATCH = YES;
				COPY_PHASE_STRIP = NO;
				DEBUG_INFORMATION_FORMAT = dwarf;
				ENABLE_STRICT_OBJC_MSGSEND = YES;
				ENABLE_TESTABILITY = YES;
				GCC_C_LANGUAGE_STANDARD = gnu11;
				GCC_DYNAMIC_NO_PIC = NO;
				GCC_NO_COMMON_BLOCKS = YES;
				GCC_OPTIMIZATION_LEVEL = 0;
				GCC_PREPROCESSOR_DEFINITIONS = (
					"DEBUG=1",
					"$(inherited)",
				);
				GCC_WARN_64_TO_32_BIT_CONVERSION = YES;
				GCC_WARN_ABOUT_RETURN_TYPE = YES_ERROR;
				GCC_WARN_UNDECLARED_SELECTOR = YES;
				GCC_WARN_UNINITIALIZED_AUTOS = YES_AGGRESSIVE;
				GCC_WARN_UNUSED_FUNCTION = YES;
				GCC_WARN_UNUSED_VARIABLE = YES;
				IPHONEOS_DEPLOYMENT_TARGET = 16.2;
				MTL_ENABLE_DEBUG_INFO = INCLUDE_SOURCE;
				MTL_FAST_MATH = YES;
				ONLY_ACTIVE_ARCH = YES;
				SDKROOT = iphoneos;
				SWIFT_ACTIVE_COMPILATION_CONDITIONS = DEBUG;
				SWIFT_OPTIMIZATION_LEVEL = "-Onone";
			};
			name = Debug;
		};
		BFF4BFDF29672426004B8F9E /* Release */ = {
			isa = XCBuildConfiguration;
			buildSettings = {
				ALWAYS_SEARCH_USER_PATHS = NO;
				CLANG_ANALYZER_NONNULL = YES;
				CLANG_ANALYZER_NUMBER_OBJECT_CONVERSION = YES_AGGRESSIVE;
				CLANG_CXX_LANGUAGE_STANDARD = "gnu++20";
				CLANG_ENABLE_MODULES = YES;
				CLANG_ENABLE_OBJC_ARC = YES;
				CLANG_ENABLE_OBJC_WEAK = YES;
				CLANG_WARN_BLOCK_CAPTURE_AUTORELEASING = YES;
				CLANG_WARN_BOOL_CONVERSION = YES;
				CLANG_WARN_COMMA = YES;
				CLANG_WARN_CONSTANT_CONVERSION = YES;
				CLANG_WARN_DEPRECATED_OBJC_IMPLEMENTATIONS = YES;
				CLANG_WARN_DIRECT_OBJC_ISA_USAGE = YES_ERROR;
				CLANG_WARN_DOCUMENTATION_COMMENTS = YES;
				CLANG_WARN_EMPTY_BODY = YES;
				CLANG_WARN_ENUM_CONVERSION = YES;
				CLANG_WARN_INFINITE_RECURSION = YES;
				CLANG_WARN_INT_CONVERSION = YES;
				CLANG_WARN_NON_LITERAL_NULL_CONVERSION = YES;
				CLANG_WARN_OBJC_IMPLICIT_RETAIN_SELF = YES;
				CLANG_WARN_OBJC_LITERAL_CONVERSION = YES;
				CLANG_WARN_OBJC_ROOT_CLASS = YES_ERROR;
				CLANG_WARN_QUOTED_INCLUDE_IN_FRAMEWORK_HEADER = YES;
				CLANG_WARN_RANGE_LOOP_ANALYSIS = YES;
				CLANG_WARN_STRICT_PROTOTYPES = YES;
				CLANG_WARN_SUSPICIOUS_MOVE = YES;
				CLANG_WARN_UNGUARDED_AVAILABILITY = YES_AGGRESSIVE;
				CLANG_WARN_UNREACHABLE_CODE = YES;
				CLANG_WARN__DUPLICATE_METHOD_MATCH = YES;
				COPY_PHASE_STRIP = NO;
				DEBUG_INFORMATION_FORMAT = "dwarf-with-dsym";
				ENABLE_NS_ASSERTIONS = NO;
				ENABLE_STRICT_OBJC_MSGSEND = YES;
				GCC_C_LANGUAGE_STANDARD = gnu11;
				GCC_NO_COMMON_BLOCKS = YES;
				GCC_WARN_64_TO_32_BIT_CONVERSION = YES;
				GCC_WARN_ABOUT_RETURN_TYPE = YES_ERROR;
				GCC_WARN_UNDECLARED_SELECTOR = YES;
				GCC_WARN_UNINITIALIZED_AUTOS = YES_AGGRESSIVE;
				GCC_WARN_UNUSED_FUNCTION = YES;
				GCC_WARN_UNUSED_VARIABLE = YES;
				IPHONEOS_DEPLOYMENT_TARGET = 16.2;
				MTL_ENABLE_DEBUG_INFO = NO;
				MTL_FAST_MATH = YES;
				SDKROOT = iphoneos;
				SWIFT_COMPILATION_MODE = wholemodule;
				SWIFT_OPTIMIZATION_LEVEL = "-O";
				VALIDATE_PRODUCT = YES;
			};
			name = Release;
		};
		BFF4BFE129672426004B8F9E /* Debug */ = {
			isa = XCBuildConfiguration;
			buildSettings = {
				ASSETCATALOG_COMPILER_APPICON_NAME = AppIcon;
				ASSETCATALOG_COMPILER_GLOBAL_ACCENT_COLOR_NAME = AccentColor;
				CODE_SIGN_STYLE = Automatic;
				CURRENT_PROJECT_VERSION = 1;
				GENERATE_INFOPLIST_FILE = YES;
				INFOPLIST_FILE = TableViewStudy/Info.plist;
				INFOPLIST_KEY_UIApplicationSupportsIndirectInputEvents = YES;
				INFOPLIST_KEY_UILaunchStoryboardName = LaunchScreen;
				INFOPLIST_KEY_UIMainStoryboardFile = Main;
				INFOPLIST_KEY_UISupportedInterfaceOrientations_iPad = "UIInterfaceOrientationPortrait UIInterfaceOrientationPortraitUpsideDown UIInterfaceOrientationLandscapeLeft UIInterfaceOrientationLandscapeRight";
				INFOPLIST_KEY_UISupportedInterfaceOrientations_iPhone = "UIInterfaceOrientationPortrait UIInterfaceOrientationLandscapeLeft UIInterfaceOrientationLandscapeRight";
				IPHONEOS_DEPLOYMENT_TARGET = 14.0;
				LD_RUNPATH_SEARCH_PATHS = (
					"$(inherited)",
					"@executable_path/Frameworks",
				);
				MARKETING_VERSION = 1.0;
				PRODUCT_BUNDLE_IDENTIFIER = com.TableViewStudy;
				PRODUCT_NAME = "$(TARGET_NAME)";
				SUPPORTED_PLATFORMS = "iphoneos iphonesimulator";
				SUPPORTS_MACCATALYST = NO;
				SUPPORTS_MAC_DESIGNED_FOR_IPHONE_IPAD = NO;
				SWIFT_EMIT_LOC_STRINGS = YES;
				SWIFT_VERSION = 5.0;
				TARGETED_DEVICE_FAMILY = 1;
			};
			name = Debug;
		};
		BFF4BFE229672426004B8F9E /* Release */ = {
			isa = XCBuildConfiguration;
			buildSettings = {
				ASSETCATALOG_COMPILER_APPICON_NAME = AppIcon;
				ASSETCATALOG_COMPILER_GLOBAL_ACCENT_COLOR_NAME = AccentColor;
				CODE_SIGN_STYLE = Automatic;
				CURRENT_PROJECT_VERSION = 1;
				GENERATE_INFOPLIST_FILE = YES;
				INFOPLIST_FILE = TableViewStudy/Info.plist;
				INFOPLIST_KEY_UIApplicationSupportsIndirectInputEvents = YES;
				INFOPLIST_KEY_UILaunchStoryboardName = LaunchScreen;
				INFOPLIST_KEY_UIMainStoryboardFile = Main;
				INFOPLIST_KEY_UISupportedInterfaceOrientations_iPad = "UIInterfaceOrientationPortrait UIInterfaceOrientationPortraitUpsideDown UIInterfaceOrientationLandscapeLeft UIInterfaceOrientationLandscapeRight";
				INFOPLIST_KEY_UISupportedInterfaceOrientations_iPhone = "UIInterfaceOrientationPortrait UIInterfaceOrientationLandscapeLeft UIInterfaceOrientationLandscapeRight";
				IPHONEOS_DEPLOYMENT_TARGET = 14.0;
				LD_RUNPATH_SEARCH_PATHS = (
					"$(inherited)",
					"@executable_path/Frameworks",
				);
				MARKETING_VERSION = 1.0;
				PRODUCT_BUNDLE_IDENTIFIER = com.TableViewStudy;
				PRODUCT_NAME = "$(TARGET_NAME)";
				SUPPORTED_PLATFORMS = "iphoneos iphonesimulator";
				SUPPORTS_MACCATALYST = NO;
				SUPPORTS_MAC_DESIGNED_FOR_IPHONE_IPAD = NO;
				SWIFT_EMIT_LOC_STRINGS = YES;
				SWIFT_VERSION = 5.0;
				TARGETED_DEVICE_FAMILY = 1;
			};
			name = Release;
		};
/* End XCBuildConfiguration section */

/* Begin XCConfigurationList section */
		BFF4BFC729672425004B8F9E /* Build configuration list for PBXProject "TableViewStudy" */ = {
			isa = XCConfigurationList;
			buildConfigurations = (
				BFF4BFDE29672426004B8F9E /* Debug */,
				BFF4BFDF29672426004B8F9E /* Release */,
			);
			defaultConfigurationIsVisible = 0;
			defaultConfigurationName = Release;
		};
		BFF4BFE029672426004B8F9E /* Build configuration list for PBXNativeTarget "TableViewStudy" */ = {
			isa = XCConfigurationList;
			buildConfigurations = (
				BFF4BFE129672426004B8F9E /* Debug */,
				BFF4BFE229672426004B8F9E /* Release */,
			);
			defaultConfigurationIsVisible = 0;
			defaultConfigurationName = Release;
		};
/* End XCConfigurationList section */
	};
	rootObject = BFF4BFC429672425004B8F9E /* Project object */;
}
